lockVersion: 2.0.0
id: cd8d666b-f509-49a0-a4af-72e58bb4b75f
management:
  docChecksum: 53bcd609878b32e2cd929038a5ba6513
  docVersion: 1.1.0
  speakeasyVersion: 1.748.0
  generationVersion: 2.852.1
  releaseVersion: 0.1.1
  configChecksum: 3c53b33e0ffc76398c86183f3f8989fa
persistentEdits:
  generation_id: e63112a2-6ef5-4813-a14c-430a0f70f5dc
  pristine_commit_hash: e7766865204a537ad73e96cf233916f8be51d080
  pristine_tree_hash: 1a416c48be06de75d0594d3fb3b2b62d2ff3dc2b
features:
  python:
    additionalDependencies: 1.0.0
    constsAndDefaults: 1.0.7
    core: 6.0.16
    defaultEnabledRetries: 0.2.0
    devContainers: 3.0.0
    enumUnions: 0.1.1
    envVarSecurityUsage: 0.3.2
    flatRequests: 1.0.1
    flattening: 3.1.1
    globalSecurity: 3.0.5
    globalSecurityCallbacks: 1.0.0
    globalSecurityFlattening: 1.0.0
    globalServerURLs: 3.2.1
    methodArguments: 1.0.2
    nullables: 1.0.2
    responseFormat: 1.1.0
    retries: 3.0.4
    sdkHooks: 1.2.1
trackedFiles:
  .devcontainer/README.md:
    id: b170c0f184ac
    last_write_checksum: sha1:3c63dfd4dcea8df0d4add09e975a6887e6da4aab
    pristine_git_object: 396929ab2e57cf09dd25ec83bd4496f733b95701
  .devcontainer/devcontainer.json:
    id: b34062a34eb1
    last_write_checksum: sha1:94309e8c8eab5ab063986bf625f513a59825e947
    pristine_git_object: 75edff51e68d2934c825764459ba3071044ce2ab
  .devcontainer/setup.sh:
    id: 5f1dfbfeb8eb
    last_write_checksum: sha1:234faaf21a8a7028346590d1eb3fac0429f4991c
    pristine_git_object: b39c28c38cf46135982ab5576b4723ea777bf510
  .gitattributes:
    id: 24139dae6567
    last_write_checksum: sha1:53134de3ada576f37c22276901e1b5b6d85cd2da
    pristine_git_object: 4d75d59008e4d8609876d263419a9dc56c8d6f3a
  .vscode/settings.json:
    id: 89aa447020cd
    last_write_checksum: sha1:f84632c81029fcdda8c3b0c768d02b836fc80526
    pristine_git_object: 8d79f0abb72526f1fb34a4c03e5bba612c6ba2ae
  USAGE.md:
    id: 3aed33ce6e6f
    last_write_checksum: sha1:f3bf1736016d6cfe43200ef593cfb6279aa75c1e
    pristine_git_object: ddcafed3bb64248b857654d6983546a70a87a17a
  docs/errors/error.md:
    id: 098e4ba23534
    last_write_checksum: sha1:d0d5e74a3384735b373bd49016e61e9d79c6309e
    pristine_git_object: 2c32e27bdf5e53fba78c170bba97d480989cff39
  docs/models/batterydata.md:
    id: 0f36fe8f8c1f
    last_write_checksum: sha1:1a85af560aef34d22e8fc0873a1ef032b63a45de
    pristine_git_object: f928ba7fc25c51bc80b9f50702c78226a5ff978c
  docs/models/batteryresponse.md:
    id: 0ba033a69008
    last_write_checksum: sha1:52e1a35f6bf0c57687ce132559f5af4c736ecbaf
    pristine_git_object: 79e0619b20ed027b469e23b7c75ab471ab5683f1
  docs/models/clientid.md:
    id: 0da44d8670de
    last_write_checksum: sha1:140a79a05cbe31a09534b79f3d0610019d71ad06
    pristine_git_object: 668e3d9fc6beadc4ddaf4ca59ec860bc60bb1fd3
  docs/models/dailyoutputresponse.md:
    id: 473b8da65efc
    last_write_checksum: sha1:642c644a5447a330ad1b8c76bf1d13d05d843f09
    pristine_git_object: af6db6203b6b5ff6c847086b9f808468f12c7a58
  docs/models/dailyoutputresponsedata.md:
    id: fe9fe17363ee
    last_write_checksum: sha1:97505b7e586fa83a13cc5d04bd6b345681fbd96b
    pristine_git_object: 62b4d34fca82a5dd4c919b6405a25996ad97d463
  docs/models/dailyoutputresponseinfo.md:
    id: fce13c5b27cc
    last_write_checksum: sha1:bec6e56ebb6f4d38cf51b13d508f148e95fae735
    pristine_git_object: 1f44e82e46e8edf0e3e02aeda79bdd099c4ec5d0
  docs/models/eventsresponse.md:
    id: 0c73d988fdc9
    last_write_checksum: sha1:0e6b61748199243419abba6509993b85ae83a628
    pristine_git_object: f3f30a80614170c66201833ea7a714f9c78deb31
  docs/models/eventsresponsedata.md:
    id: 1d369d6dcd93
    last_write_checksum: sha1:255287f2718de477919744f32f9a1abd3b057a6e
    pristine_git_object: deab874cc51830038ce7842e624c9e25c6eae5ec
  docs/models/gatewayextendedinfo.md:
    id: 960b82e1236e
    last_write_checksum: sha1:89a20dfba75c7f4be530dae18542330791268238
    pristine_git_object: c324837ee404ada073f5d5656a9c562dc6666023
  docs/models/gatewayinfo.md:
    id: 9113d41ba8c6
    last_write_checksum: sha1:0e24de5ba3d1e2f2e50b590e19434c25baf6fda3
    pristine_git_object: f1e2a321725dbe7fdf3e03b7cc3a46f961feeea6
  docs/models/gatewaysresponse.md:
    id: 62c5faf104f7
    last_write_checksum: sha1:20e864d42124d22edaf8374e432fbe8dce74536c
    pristine_git_object: 4621b07c0ef5aa68da94010de5c4017a260c76c9
  docs/models/gatewaysresponsedata.md:
    id: 921f0e710aa7
    last_write_checksum: sha1:48842578d6e01e3ea1ca831e7ab841baef861a66
    pristine_git_object: a60ad7c7c9526aeccc325e5700450eaad76e1863
  docs/models/genrealtimedata.md:
    id: 099c7be25946
    last_write_checksum: sha1:0e6eb9aa496b737c3ed7c5065d9b4491c58fccdb
    pristine_git_object: 86bd1f3fd683185ce951b5e20fb8b70e73027951
  docs/models/genrealtimeresponse.md:
    id: c23aaa569533
    last_write_checksum: sha1:e086ee0fe60fdde7e84c8d91f25df7fa574c828d
    pristine_git_object: 1a638734fa11cec06eeef2891bb62c5c1e9bc102
  docs/models/getapiv1invertersrequest.md:
    id: 13581009a790
    last_write_checksum: sha1:9a47386183db6fc1b078fd3212c21000bbcaa546
    pristine_git_object: 77dd31a75e8333ea0e4483b17fea7c65b55ad1b6
  docs/models/getbatteryrealtimerequest.md:
    id: 5a8c0733f92c
    last_write_checksum: sha1:578c2bbbbae3bc0b7ff9e4644047e1c10532bd44
    pristine_git_object: 50b718c09e35f2e54b32173a2d8ef2e47630cb06
  docs/models/getbearertokendata.md:
    id: 13c23f62d471
    last_write_checksum: sha1:5748e42711e930e7292f335e35e4210cb756c040
    pristine_git_object: 433550ce327265de6c93ba89849c8a5b705d32d1
  docs/models/getbearertokenrequest.md:
    id: 5fb32c70fa13
    last_write_checksum: sha1:f86dfdde2d65d364a37d17ed0dca3fc35e891e9a
    pristine_git_object: b0f70879ac618767aaa15057b18662c24903e11e
  docs/models/getbearertokenresponse.md:
    id: f372f1d2467a
    last_write_checksum: sha1:5ad249551e2866e096b775a6d1462e646c9cf79f
    pristine_git_object: 2fb83a48ac92cdf91484c46f390cd5e47b8c765c
  docs/models/geteventsrequest.md:
    id: a411104040f4
    last_write_checksum: sha1:23f2ba373e35483682cdf81794880a9b8e14a123
    pristine_git_object: 224b9b39e939552d7882b587bdb4a515fb07fdfe
  docs/models/getgatewaysrequest.md:
    id: ef6145251e4e
    last_write_checksum: sha1:275c69eb7e84249c5093817e6b51e0afde1218ce
    pristine_git_object: 495571772ae2e1afea6d6ed9e7ee52260ba42fc6
  docs/models/getgenrealtimerequest.md:
    id: 59dfa5072f7b
    last_write_checksum: sha1:d715c9abd9834b2fa41d1f59e2eaff7dfc06a384
    pristine_git_object: 53fdaf1a2219b771151b7bef03b36be5392c2612
  docs/models/getgridrealtimerequest.md:
    id: b9427937dd47
    last_write_checksum: sha1:050859c7b08b11031554671872e08ce40994e8fb
    pristine_git_object: c2ec69ba603062810234799731f5dd917c4e4def
  docs/models/getinverterdailyoutputrequest.md:
    id: f94be7bb4c85
    last_write_checksum: sha1:5bc905dd8ee272f8d210bec49dc53c02348dbc1c
    pristine_git_object: b33c34f30a8391068ab813d1e93e489adb790069
  docs/models/getinverterinputrequest.md:
    id: cf6e85c75c7c
    last_write_checksum: sha1:516ba9efc2f1c3432d5ad14c3177bfb934241abf
    pristine_git_object: 044062698e56da34e29f8e26271e9b162410bf5c
  docs/models/getinverteroutputrequest.md:
    id: c2020f2d5a84
    last_write_checksum: sha1:724bbef101837cf7b85068e0aff05f9c993aea4a
    pristine_git_object: cec4ada4fb8c1b4f44aa84e594052972594ef07a
  docs/models/getloadrealtimerequest.md:
    id: 16b3c7340ac1
    last_write_checksum: sha1:f756889df5357a4ce36f6625ef1f2c5274345b6c
    pristine_git_object: 854fc31376e425450f70c17c092a92089f1a58e6
  docs/models/getmessagesrequest.md:
    id: cada1f7dac1d
    last_write_checksum: sha1:8d75d4c23fb6034629dd731616a8a4553a844980
    pristine_git_object: 95a8b250c63687763fd86c67f8aaf6b4aa192624
  docs/models/getplantflowrequest.md:
    id: 6ec147e94c70
    last_write_checksum: sha1:37aeffdf5c0b89558ce5e8679600f786991c13e7
    pristine_git_object: d293323625a82c1329ac2e86cc1552034ce35bcb
  docs/models/getplantinvertersrequest.md:
    id: 1c7c62785f1d
    last_write_checksum: sha1:334388af20092ef81921feb730da13b4c487d770
    pristine_git_object: 5f489c185fe00601ab71eec5a2aba95a4aa68f13
  docs/models/getplantsrequest.md:
    id: e0394303a928
    last_write_checksum: sha1:09cab1cfba28baaf3faa03ee1194db5db8543f67
    pristine_git_object: 295d73b354eddbd405770906a529f0b118da2744
  docs/models/getpublickeyrequest.md:
    id: acbe2d8dad78
    last_write_checksum: sha1:55cc10ff00cf95a6a4c6a26b29538f603d2b8f83
    pristine_git_object: 6e4ac4eac311172fff422d7eea97e9265d59baba
  docs/models/getpublickeyresponse.md:
    id: f2e3f440c047
    last_write_checksum: sha1:e7e407f300b16cb3f451f4942fccf7508346b0a8
    pristine_git_object: f7618943c072699b471cb74c00ac32685305955b
  docs/models/granttype.md:
    id: c3d5681ac7bd
    last_write_checksum: sha1:0f3ebd35460835db3cc4c9a71af23c7369f1bc13
    pristine_git_object: 433e00c8fe30b89a68b2a149b071af7d0baffbe4
  docs/models/griddata.md:
    id: 10d04e3797a1
    last_write_checksum: sha1:5641893ea8eaaffde700896f9657f79039e1b589
    pristine_git_object: ce7a1be7367775d1737190d5c9caa6cb81b8c1a7
  docs/models/gridresponse.md:
    id: 649f9c8ceb29
    last_write_checksum: sha1:25f15bdc180d9eb83baa0fe0e463249db913cbc0
    pristine_git_object: befa922c4b58d678c8f9ad483bb4075d80841eb6
  docs/models/inputdata.md:
    id: 7d13a4036130
    last_write_checksum: sha1:fbf15e248cea44ea5f1b2f1f1d99facd26304823
    pristine_git_object: 1fefd893acaba5bd9a50dd6f04c183ee04ede53a
  docs/models/inputresponse.md:
    id: 5f7c578ba0f0
    last_write_checksum: sha1:ff9c34a01d5eeb20754dec02a8a226857c710b1b
    pristine_git_object: d1229ddbdb7b855a7ee4577a659034c1ae090a79
  docs/models/inverter.md:
    id: c5639da0e593
    last_write_checksum: sha1:c4ce7bef07ac67bbf7e52977b7207298ab2c53d5
    pristine_git_object: 6bc6edd28991923ea1ad6853b1c0fdad7ad979f5
  docs/models/invertersettings.md:
    id: c09fbad90122
    last_write_checksum: sha1:cf282104dc22b18fefc2939154d61bc70123e4ff
    pristine_git_object: e1235d8be6623cdb11b4d84e45d04122365d4821
  docs/models/invertersettingsresponse.md:
    id: bbe7ab66c2c4
    last_write_checksum: sha1:e0b5da612990aebd3741e181ff314db93329bc4f
    pristine_git_object: 1b9c499e4ff361b6ff0cd5d0d3fc7e508e8bf8d9
  docs/models/invertersresponse.md:
    id: 67e4bddae6b5
    last_write_checksum: sha1:d3f8902b4c4bbce99b1e6d8681ca6ab67b69a970
    pristine_git_object: e6c15a4b820eb00c1c5f9132d0cacb7885588e8a
  docs/models/invertersresponsedata.md:
    id: a19d1ff201f5
    last_write_checksum: sha1:fd348a3bf12c9f7798dea7e5756fbfb0108d8976
    pristine_git_object: e69ffef995ecbfca0f720ace4fd8755b0cedded4
  docs/models/inverterversion.md:
    id: 981943a7758e
    last_write_checksum: sha1:441d1532f09f6d17fc9bdb7b2badc7f18bf5adae
    pristine_git_object: b9d7cb0f4a1def07fbe965cafc475dcf414a5b37
  docs/models/loadrealtimedata.md:
    id: 63d125ef892d
    last_write_checksum: sha1:81badfbb62b2a024a340045193931a03e44adb13
    pristine_git_object: 79bb6ee8013bdf25d6883f18843de294eda45aa3
  docs/models/loadrealtimeresponse.md:
    id: ae17a7ebd1f5
    last_write_checksum: sha1:90610dfcb128385fef5ead43942ba31cd10ace84
    pristine_git_object: 647e003e1babc1bf0a0a8b1d3c479dfc06b0f996
  docs/models/messagesresponse.md:
    id: c975c0170460
    last_write_checksum: sha1:3cb5719d83b6247fa743080e9724afeaa0329d96
    pristine_git_object: 9cee26aa9d26b53fb5176d71f921294e4fd3a98e
  docs/models/messagesresponsedata.md:
    id: 61526695dd94
    last_write_checksum: sha1:6023371f92313968432c16935eae6545eda270f9
    pristine_git_object: 7d560c9f38ee54c254670adce51564cfe10a5288
  docs/models/messagesresponseinfo.md:
    id: 5944401e6625
    last_write_checksum: sha1:5804bcf125e03126ae94d180eb8464a6019a3658
    pristine_git_object: 6c16f7da38a6c157ca625f7b352e7765ae5735e8
  docs/models/outputdata.md:
    id: 6f6247f749ac
    last_write_checksum: sha1:9a9dcb625e4031c1b08db1ced4b350a537ef5794
    pristine_git_object: 20f4d93e2e1236b6b3536c952c390f6ef2ec0058
  docs/models/outputresponse.md:
    id: e09d17192e47
    last_write_checksum: sha1:2eef66889f9db802041222d7920c9b556536d79a
    pristine_git_object: 68e59bb7ec0763d411a38cb2a799479ebb35d9e6
  docs/models/plant.md:
    id: 213f9322743e
    last_write_checksum: sha1:a59ce7d16279df2f6cc5f7d20d8b9d74083abe87
    pristine_git_object: 1ae717c4d1a8d9a91d03423f5325f28910931b38
  docs/models/plantflowdata.md:
    id: cdb9d0047d60
    last_write_checksum: sha1:71bcedb9349aff6e160a989f2057ab3842c49037
    pristine_git_object: 9d06e34a7f10ec53fb2df2eacd321c3948e108e0
  docs/models/plantflowresponse.md:
    id: fedaf3006839
    last_write_checksum: sha1:deebf7b9ae6af884cc07b88deaa3825d34330e9a
    pristine_git_object: 9f2e47c378213c8a7f632e9ccfd64db669faa70b
  docs/models/plantinverterinfo.md:
    id: 788447cf6348
    last_write_checksum: sha1:1a60461d1fd26190a07da21a870907f478063f01
    pristine_git_object: dc8f7e62f60fbbcd1f615bd590510109d162ca83
  docs/models/plantinvertersdata.md:
    id: a50fa0f432d8
    last_write_checksum: sha1:c8006f06ad658951b0cc86a0a9eecac50157da3a
    pristine_git_object: 25f083aff66695f979cc5241c445f41be69229aa
  docs/models/plantinvertersresponse.md:
    id: 20357935f14e
    last_write_checksum: sha1:ab5b5b7a2a5fe5c93b65cff43c5a0e0a46fbc155
    pristine_git_object: f4d671479eee82bbc834ae0a04fddd8e725d7a85
  docs/models/plantsresponse.md:
    id: b1de7ae6bce5
    last_write_checksum: sha1:56c487ffd683e3a6b79fdd7e4e8dded8e1671c30
    pristine_git_object: ba972400c99bc270608ff06d00fb31803f962983
  docs/models/plantsresponsedata.md:
    id: ec368b6597d2
    last_write_checksum: sha1:e81ee4e3e64bc36da903a2eeb2ddd40ab4a2a33c
    pristine_git_object: e6cf4da9d81b2950719ce9cf00e3b1043eb84998
  docs/models/plantsummary.md:
    id: 27fc2050c96b
    last_write_checksum: sha1:c3e8af9e1dce1624bbc0068c005ee5a7be6fa432
    pristine_git_object: 7f3846b848d9a854546d391cf863bd5566e91d91
  docs/models/pv.md:
    id: e28b7f130114
    last_write_checksum: sha1:04ebe243958b441321bb08d300af8a8f818b1c31
    pristine_git_object: 57838f15cec074feb82803557643aae41c818387
  docs/models/pviv.md:
    id: ae7f4299f93a
    last_write_checksum: sha1:c677593e71a369152c7b7f00376ddbfc476850b1
    pristine_git_object: c5eed76b387042c1a6e85541c2028e8a518221b8
  docs/models/readinvertersettingsrequest.md:
    id: 243f8fe64428
    last_write_checksum: sha1:3848654d650f92256be96bf9edfa14dd801af55a
    pristine_git_object: b19268bfefa50ac0fb0ff54173a6f73dd5250fb4
  docs/models/realtimevip.md:
    id: b33eeffb88a2
    last_write_checksum: sha1:95a9a514855fe04f742917278af5cf36425d11ef
    pristine_git_object: 6b7b46aa4ff7f6cc82d98c48fae6e81e696f58c1
  docs/models/record.md:
    id: d9abc723bb58
    last_write_checksum: sha1:9eee3d93cf865c13387d0ca51650bb19198e15b7
    pristine_git_object: 4db7289d735e8f2e0021c91c3aeed2ef2bcb35e0
  docs/models/security.md:
    id: 452e4d4eb67a
    last_write_checksum: sha1:b92237f55b89698b718cee58634a51a5cdb29edb
    pristine_git_object: 8ca6325b43081d6b8849bf8cfab3d65678d3d386
  docs/models/tokenrequest.md:
    id: 5bb7ce641db1
    last_write_checksum: sha1:f7fa9b6cf984ec7698cf1bb237e7a5a56770333d
    pristine_git_object: 669243b1c96d84bf117f8ead4d00e58a8be934ed
  docs/models/tokenresponse.md:
    id: e7059d0b17e1
    last_write_checksum: sha1:d84233b520b379011eba8677759446ef579507a8
    pristine_git_object: 12a497299c7c7c07f3c94620c905b3211baea20c
  docs/models/tokenresponsedata.md:
    id: 5128c0b34806
    last_write_checksum: sha1:dbfdef1768c2734805a96455762109913b39b744
    pristine_git_object: 7f4b02cf7bc57f044a3c20a2b5591939ce438941
  docs/models/utils/retryconfig.md:
    id: 4343ac43161c
    last_write_checksum: sha1:562c0f21e308ad10c27f85f75704c15592c6929d
    pristine_git_object: 69dd549ec7f5f885101d08dd502e25748183aebf
  docs/models/vip.md:
    id: 0525ca5df8d2
    last_write_checksum: sha1:6e4516a04022f77a623857503065408b3786c9a5
    pristine_git_object: 41f8c2f8eca0379b2b4017905dc549233e813d54
  docs/models/writeinvertersettingsrequest.md:
    id: 39ac37b75d1e
    last_write_checksum: sha1:c26dcd0c40c18646b776cfc68e1cd0a7bb1685d0
    pristine_git_object: f386e05cef635d96280016f534d3fe0cf92ee5f1
  docs/models/writeinvertersettingsrequestbody.md:
    id: f17a8526b309
    last_write_checksum: sha1:61ac434640ce270fe07bc010c1bb26e5ad7f5ded
    pristine_git_object: d5735c429d614c27490cf9ee5b5cc4a237eacec0
  docs/models/writeinvertersettingsresponse.md:
    id: 5f88fb967aa6
    last_write_checksum: sha1:e1146a1c282dc7f6a35cddfd964bb08111d4fea5
    pristine_git_object: a038d9901d8616d1867e476d3b7abe92d120acc2
  docs/sdks/authentication/README.md:
    id: 45be241adfc3
    last_write_checksum: sha1:15afcc9da2af18211d05f8dafd100af426eb3118
    pristine_git_object: 23d01735a19cfb342a2877cb12bc41d864bab237
  docs/sdks/events/README.md:
    id: cf45a4390b9b
    last_write_checksum: sha1:2c5cbbf2f50fd1a05699cae64f5540e8d95e98c6
    pristine_git_object: 6c5c39dde025e045cfe9017ca59f725b9ab481f2
  docs/sdks/gateways/README.md:
    id: e51e55778a70
    last_write_checksum: sha1:91ab57f7cecc29395858f4ca9e439d59ec4e78d0
    pristine_git_object: 260219289f140192772535b369d89ecbc616e9d6
  docs/sdks/inverterdata/README.md:
    id: e0a04a87724e
    last_write_checksum: sha1:eb98f59bc7ea3f402508d5a27137e2f668c78251
    pristine_git_object: 3d4b044941cf8a0185a7e9f0cb424014abe6fc05
  docs/sdks/inverters/README.md:
    id: 399d8541a169
    last_write_checksum: sha1:3e09035f2336a201a2cb609b25e528419396bd5e
    pristine_git_object: 7e15d4d68d28b5da4ca4a2fac30622f9f9e79c17
  docs/sdks/notifications/README.md:
    id: 271bac956045
    last_write_checksum: sha1:b81a0198be895366191b328155f6ce254157543f
    pristine_git_object: dc408a8f1ec70555adb23e655c9a082e37c72028
  docs/sdks/plants/README.md:
    id: 249c5fadedb2
    last_write_checksum: sha1:e3627f749675fb9b5b41851736d624aaf7dcd722
    pristine_git_object: f0b77c872012874a7c2e22fb866d84d401779cb7
  docs/sdks/settings/README.md:
    id: ffd4dbcfc0ce
    last_write_checksum: sha1:5b703209f7ae8813ca2f723a04f0fea9c906277b
    pristine_git_object: 8c18153693c2e83fc023bafd09d05093b8ff22e7
  py.typed:
    id: 258c3ed47ae4
    last_write_checksum: sha1:8efc425ffe830805ffcc0f3055871bdcdc542c60
    pristine_git_object: 3e38f1a929f7d6b1d6de74604aa87e3d8f010544
  pylintrc:
    id: 7ce8b9f946e6
    last_write_checksum: sha1:e8299753a0f62b3c045dd40ab7b7609e1d70eeb2
    pristine_git_object: 31fcd7a7c93dbda80f4fa7d653be0a74ccb4a401
  pyproject.toml:
    id: 5d07e7d72637
    last_write_checksum: sha1:b1b788b9a203dce3fcd6039b07147db4df84c572
    pristine_git_object: ebad2344d8bb24953d53e0fd2f78c91e03b93e07
  scripts/publish.sh:
    id: fe273b08f514
    last_write_checksum: sha1:adc9b741c12ad1591ab4870eabe20f0d0a86cd1a
    pristine_git_object: ef28dc10c60d7d6a4bac0c6a1e9caba36b471861
  src/sunsynk_api_client/__init__.py:
    id: ba26f8bc3175
    last_write_checksum: sha1:da077c0bdfcef64a4a5aea91a17292f72fa2b088
    pristine_git_object: 833c68cd526fe34aab2b7e7c45f974f7f4b9e120
  src/sunsynk_api_client/_hooks/__init__.py:
    id: 11308fbc58ca
    last_write_checksum: sha1:45a380490e968d8d95994dd97554ac60eeb6ae60
    pristine_git_object: e763be4b171bbcf9c16caeaf381f8c92ce8d8e6e
  src/sunsynk_api_client/_hooks/sdkhooks.py:
    id: 8b20474d7387
    last_write_checksum: sha1:af248e4e0a9a9e92b807aeef580db4f8b65e4150
    pristine_git_object: ab7fc60f2404c3fd442e01658179408d84b97a02
  src/sunsynk_api_client/_hooks/types.py:
    id: 6ffd1d7d0f1f
    last_write_checksum: sha1:ab7ffdfb983fcaee390acc00eb60acfc3b5750e9
    pristine_git_object: a294be32b47f3d5275ce28592d7ad3afc64f14a2
  src/sunsynk_api_client/_version.py:
    id: 4f638efaf76d
    last_write_checksum: sha1:42e4ae40d812d19d03c1c733cb000395198b648e
    pristine_git_object: 4467450bca50a0094a292f0801e59a54a3a1f35c
  src/sunsynk_api_client/authentication.py:
    id: d27011b9ebd3
    last_write_checksum: sha1:4730f017ed98ac0f012de50a4215b163ebe8135f
    pristine_git_object: 0c563b470cfb7ed6913b525df839c5f887125154
  src/sunsynk_api_client/basesdk.py:
    id: b2186043abb6
    last_write_checksum: sha1:c3b16e377982c8a2406d9a8f2c9484719763b10b
    pristine_git_object: a075428316e1369ec6ae8f6b7b164f8ab2bb380e
  src/sunsynk_api_client/errors/__init__.py:
    id: b628a506d9e4
    last_write_checksum: sha1:0b9a76b2a793a2918c470c9e6879f28034bd38f6
    pristine_git_object: 6619f05264af5f11aab81b03e721404748c8845c
  src/sunsynk_api_client/errors/error.py:
    id: dcdf4e93dea5
    last_write_checksum: sha1:ffb9bdfd38b3b1a8e3f94ba5d5f75b400df865c5
    pristine_git_object: 7ffb9c309a17578011af6f24aa903c983da49c36
  src/sunsynk_api_client/errors/no_response_error.py:
    id: 7c2b396ab4ec
    last_write_checksum: sha1:7f326424a7d5ae1bcd5c89a0d6b3dbda9138942f
    pristine_git_object: 1deab64bc43e1e65bf3c412d326a4032ce342366
  src/sunsynk_api_client/errors/responsevalidationerror.py:
    id: 04d6d66f7b1d
    last_write_checksum: sha1:c0a5bf19a54164726cd03d9aa3340e3b600cf5c5
    pristine_git_object: 962b330fef8949143936217fb303bee1de06bd67
  src/sunsynk_api_client/errors/sunsynkdefaulterror.py:
    id: d2b3f10ab10a
    last_write_checksum: sha1:ada477519dd86e079e95e4efc7d3d9d71c04d1af
    pristine_git_object: 524e9c9458b93d9879b562aadf35d6e43ed17a17
  src/sunsynk_api_client/errors/sunsynkerror.py:
    id: c7f8921f6922
    last_write_checksum: sha1:9c775de66a458a0a42f755685a9b748c4c3b304b
    pristine_git_object: 49f00bc74ec040da97a4a4d992ac6b0bae5adcc8
  src/sunsynk_api_client/events.py:
    id: a616e5dead94
    last_write_checksum: sha1:f3129a353490134810d1db43accb61bfdc6ddb56
    pristine_git_object: 1e322d819f6cbdbd3d71dbf9e62b63c5e4404a6a
  src/sunsynk_api_client/gateways.py:
    id: 25e9ef1ca83b
    last_write_checksum: sha1:6849c75489adb566b68ba50004a615821f9bfa77
    pristine_git_object: 3a57e454a318e2847fd20d6e608b8bf143c807c4
  src/sunsynk_api_client/httpclient.py:
    id: 9fb17b163f6a
    last_write_checksum: sha1:5e55338d6ee9f01ab648cad4380201a8a3da7dd7
    pristine_git_object: 89560b566073785535643e694c112bedbd3db13d
  src/sunsynk_api_client/inverter_data.py:
    id: 7b9c386d9e15
    last_write_checksum: sha1:29e7e7c0b291806a3e041aef0b23e14e829840cd
    pristine_git_object: f08580c25ed156d662a3e95aec3be12b00a8011f
  src/sunsynk_api_client/inverters.py:
    id: 34aa29baa98e
    last_write_checksum: sha1:40c70edaeefcf3ac235d95579448564f1daa6527
    pristine_git_object: 1a7e9aaedc0c0eee24f6b61d31f0d0d93eaf1090
  src/sunsynk_api_client/models/__init__.py:
    id: 6a4f28ac4ff7
    last_write_checksum: sha1:bc11931b669c93ad0da971317e3a186de033df76
    pristine_git_object: 85446d6a687879b2243a74fee9c99048cb4cb404
  src/sunsynk_api_client/models/batterydata.py:
    id: 72a0e6c9ab5e
    last_write_checksum: sha1:d43374dd8555abe72228d256f8c4e137364cae89
    pristine_git_object: 9b7b6c1e527cc2820d9576bcac804fa82eb1b166
  src/sunsynk_api_client/models/batteryresponse.py:
    id: fafea8c4add0
    last_write_checksum: sha1:a99a984ae23b80da5992e0f8b6ee6288e7d0244d
    pristine_git_object: f9f8b3e8936b8a7d77879886ba85a5308f3369db
  src/sunsynk_api_client/models/dailyoutputresponse.py:
    id: 1717b5648c0e
    last_write_checksum: sha1:45fbbc0b1de60a6afb2dc091c1e6f07b9419902a
    pristine_git_object: 35fd50654a5f1df354c21a004e90afcc0dd9caed
  src/sunsynk_api_client/models/eventsresponse.py:
    id: f902e0920d20
    last_write_checksum: sha1:0774959418cd28105cbd054d9267f41a6e9b2977
    pristine_git_object: 0d7ff8d70e4d4b8c9139f1940e6b4332fd203cfb
  src/sunsynk_api_client/models/gatewayextendedinfo.py:
    id: 2d3aa9eb0538
    last_write_checksum: sha1:c92abec816f41543d6600202e8d512acb468cd9f
    pristine_git_object: f3d0473e2a878d6b2c0ef10807176b3c83860508
  src/sunsynk_api_client/models/gatewayinfo.py:
    id: b783e91efd1f
    last_write_checksum: sha1:c2745b3cbf977564c99dc6c74bb813def7f06b06
    pristine_git_object: 4f52dbddd664dea54790dab0af6115f62687e40d
  src/sunsynk_api_client/models/gatewaysresponse.py:
    id: e9d331c26872
    last_write_checksum: sha1:194ba5842ed4bbab6d14f2f7c99fa85d4cf8facf
    pristine_git_object: 20cd7905b22c668091b2b7d4fc46a47b99b6886b
  src/sunsynk_api_client/models/genrealtimedata.py:
    id: b0ab1bf5ea94
    last_write_checksum: sha1:4aea82cf60793169d6e1bc0280e533d3730bbff2
    pristine_git_object: f818a48f674876a937d59e20126a35b4912411fb
  src/sunsynk_api_client/models/genrealtimeresponse.py:
    id: a631e0bfefe1
    last_write_checksum: sha1:d96380d77136d3c6a8a4d15d16be08e680119003
    pristine_git_object: 36ca2d6e09143cabfb827fcdd7d06b2d3345bb5a
  src/sunsynk_api_client/models/get_api_v1_invertersop.py:
    id: 9c53cb62e768
    last_write_checksum: sha1:899a2e4be373981369ae35bb5fe49b55ed775b2e
    pristine_git_object: 2bc7b1571846e4d5b17e6902fa8f6b76e2298ae9
  src/sunsynk_api_client/models/getbatteryrealtimeop.py:
    id: 64f3c2ffb96e
    last_write_checksum: sha1:0d5374735d89e375bab59daedc1153b2232b24ce
    pristine_git_object: 2e1b80c7ae235e7d146e0204a697d6cc93e979d6
  src/sunsynk_api_client/models/getbearertokenop.py:
    id: 22419fa6b5a8
    last_write_checksum: sha1:7801e84b7d2d373a633e7542a35a7bd6f7cada9b
    pristine_git_object: b2c18ff0fa2f0b6cc45b0a1a83aca19fc05350f0
  src/sunsynk_api_client/models/geteventsop.py:
    id: ae13b1ff8b65
    last_write_checksum: sha1:c4cb9e1212c4ae40a60de9e53ea7e1df4c0b6a94
    pristine_git_object: 8dc2438e75de46ef0de3c90126ef8198c2a0b0bf
  src/sunsynk_api_client/models/getgatewaysop.py:
    id: 12595f425288
    last_write_checksum: sha1:f06f2443dbaea1ae5a62d4aee7cb26019def75ba
    pristine_git_object: 94e27ef68a61e2c9be191e125ba585ed68b802d1
  src/sunsynk_api_client/models/getgenrealtimeop.py:
    id: fe796f9f860d
    last_write_checksum: sha1:9e1c16843c37e89de9bf0767acfc4d3155f65d90
    pristine_git_object: 127097383664a657c75c1fd1ba7a63eabe7b0b1f
  src/sunsynk_api_client/models/getgridrealtimeop.py:
    id: 85edebe1dec3
    last_write_checksum: sha1:10a55524094fb9c23ffcfa5977d6a67e0649235d
    pristine_git_object: af3ae2d90d9d6e6dd6fbc7f70b7bd2de76ebfdfc
  src/sunsynk_api_client/models/getinverterdailyoutputop.py:
    id: 438a1232453f
    last_write_checksum: sha1:a835c625389179ac956289c888c3b2a9994c511f
    pristine_git_object: 3fd4635c544c7f119602ea73b0a1bcbe11b0a4b3
  src/sunsynk_api_client/models/getinverterinputop.py:
    id: 1ef6503112b2
    last_write_checksum: sha1:bb7ed55e7e710762154fac47b2fbc550631ad6d8
    pristine_git_object: 29cb64186871cdf19246aeda2f8313eaf30b8573
  src/sunsynk_api_client/models/getinverteroutputop.py:
    id: b32d8850c8b7
    last_write_checksum: sha1:eec096e8098d1c599d2447e5edfef155c52645ab
    pristine_git_object: eb68ed7c3de0e6b04bf272ed850124267a6fb4eb
  src/sunsynk_api_client/models/getloadrealtimeop.py:
    id: 19612fe0b137
    last_write_checksum: sha1:24b3fdc8cfcd02302b40a59d58802faca1950464
    pristine_git_object: b421cb4b50c04daf2c553e95bd0fa1f14ae95478
  src/sunsynk_api_client/models/getmessagesop.py:
    id: 2a9fd6430a71
    last_write_checksum: sha1:50f0709b5ebe817e153690c0d87b48effc4aaaf3
    pristine_git_object: dc8aea2aa289b30f584acbc9a453607130336b80
  src/sunsynk_api_client/models/getplantflowop.py:
    id: d0dd790dce17
    last_write_checksum: sha1:5be6937510dc5fc5a10aafad3f4c25e4e92fa327
    pristine_git_object: eedc65680c732dafb41e063d2e52f2a1755a8044
  src/sunsynk_api_client/models/getplantinvertersop.py:
    id: 44978ac8a4b8
    last_write_checksum: sha1:2dbc620d2bbf1e2e37a9c53e7e2f26d9d3d1e31f
    pristine_git_object: 08fea717495dd2cd1470a4b467766c31920969ad
  src/sunsynk_api_client/models/getplantsop.py:
    id: f2e4181ed83f
    last_write_checksum: sha1:59f8ce3ae4e13d21554649729882c0d775a598da
    pristine_git_object: 00a70b64c5c7c904abba7f8f87e390070ecbb0fb
  src/sunsynk_api_client/models/getpublickeyop.py:
    id: ac22199290a8
    last_write_checksum: sha1:319412e2231d64b8f7b9de0d0a0b8bcc951f3522
    pristine_git_object: afdbc19536b09532505d12460876be9619db68ab
  src/sunsynk_api_client/models/griddata.py:
    id: 89046ffee12f
    last_write_checksum: sha1:358c554c6d1c5a6c39581cbabc9035cf8ea01e37
    pristine_git_object: d1582c8e0328eb9c3b9972556604d039d30b4a2c
  src/sunsynk_api_client/models/gridresponse.py:
    id: c8ad1df84a3a
    last_write_checksum: sha1:2648c04339cf81537b3cb99af95faf1828f7c7ac
    pristine_git_object: 83a820ea1b7b55bd28c8feb7e863229a2619323f
  src/sunsynk_api_client/models/inputdata.py:
    id: 524aadcfb6c7
    last_write_checksum: sha1:8dad288baab83b9d5dfd69779b455ac16f2bed9c
    pristine_git_object: b3b948c2a0a3d6d7685833faaa70b692ce1b3154
  src/sunsynk_api_client/models/inputresponse.py:
    id: 70dc55f84b56
    last_write_checksum: sha1:84fc6af4c761000ac825288a337e363743e66440
    pristine_git_object: 2e32731b448c6379ec8e154ea0c2d9d37bee1021
  src/sunsynk_api_client/models/inverter.py:
    id: d2f170f27d03
    last_write_checksum: sha1:8aea21ed8df2213cc887e4a3b62325de09821bd7
    pristine_git_object: 1e2d9c42f0a1e4f448f4609d46870c50b29fcad9
  src/sunsynk_api_client/models/invertersettings.py:
    id: 45f72615f21b
    last_write_checksum: sha1:55312fce77cac9bfc2b9e7164ecb1a440b6cf8ab
    pristine_git_object: 43fc9cfa3beaaf58918ab751a3db4c1dcb073419
  src/sunsynk_api_client/models/invertersettingsresponse.py:
    id: d34fcd6dd545
    last_write_checksum: sha1:4b1c61a3b8abdc7b053a247b67ee85e41a52ea4e
    pristine_git_object: b9a3c8001c7b117fb120954f03b39810b6998a34
  src/sunsynk_api_client/models/invertersresponse.py:
    id: aa037b65da18
    last_write_checksum: sha1:7fe8e9283431c94213b45841d47d3d1de4009c07
    pristine_git_object: e9c21d0bd0d90a1633ce0bfd5776952c3ec1f535
  src/sunsynk_api_client/models/inverterversion.py:
    id: 45511741a410
    last_write_checksum: sha1:faae56f0be0e44cdc7ee7235fea116c4ba92695c
    pristine_git_object: 10a8a8376c20696121272c6a309a668f51df984c
  src/sunsynk_api_client/models/loadrealtimedata.py:
    id: fe269d76f5a4
    last_write_checksum: sha1:cb852203a6917050fed2505e63c1c48938529382
    pristine_git_object: 60c2f34d644ebd2b1a16708407f78ed09f09f22c
  src/sunsynk_api_client/models/loadrealtimeresponse.py:
    id: fea152a05bce
    last_write_checksum: sha1:e08b8e9d71cb4538cb01fefdf06b2b2a48cdfcda
    pristine_git_object: e016b22aaa039b3c4df771f42f1662b29561acd8
  src/sunsynk_api_client/models/messagesresponse.py:
    id: 9a53f924b91c
    last_write_checksum: sha1:719b70be6d6c0a8c9d2334027c050406eb4277f4
    pristine_git_object: 41aafac667eb4d39e41b1afb6e56726be249017a
  src/sunsynk_api_client/models/outputdata.py:
    id: 89a97c23fd07
    last_write_checksum: sha1:49eb3e78ac9227b2e873d42d152abc2beaf5176b
    pristine_git_object: e8dd34f6eea8c4bb0fdc2c999066506ed55ac15a
  src/sunsynk_api_client/models/outputresponse.py:
    id: a7a556bf4bdb
    last_write_checksum: sha1:088063e08696555cd2232405cf5e747df123b898
    pristine_git_object: e204ea6b371750962c2fece583aaa4d1405c35e0
  src/sunsynk_api_client/models/plant.py:
    id: 9a0fc3c3cf65
    last_write_checksum: sha1:8ddbf82b79b1010752b1809cd16228ba8a0c5b85
    pristine_git_object: b976813d170e438a793a54fd0cc9be9a1984bc41
  src/sunsynk_api_client/models/plantflowdata.py:
    id: "853926305650"
    last_write_checksum: sha1:dfff38369c7fd3f48d3ed60154f633889dad0758
    pristine_git_object: 9901199356e26dc85a764b84579ba6815c850185
  src/sunsynk_api_client/models/plantflowresponse.py:
    id: 4fd68f3b3b08
    last_write_checksum: sha1:05ad4b0ff767d090d58022838636ea6c7a40cdcd
    pristine_git_object: 18c7cdd70966800354fdeca4f5e6a8f29c6c4063
  src/sunsynk_api_client/models/plantinverterinfo.py:
    id: b5860e931663
    last_write_checksum: sha1:7d93315a59835261644a209edab5fb3010c318f7
    pristine_git_object: d8170b6a0064f47b68ca113e66931af63678a056
  src/sunsynk_api_client/models/plantinvertersdata.py:
    id: 5d82cd346ab5
    last_write_checksum: sha1:d75935520744f2f27e3e2cea012ae6d32a4568bf
    pristine_git_object: 5aa6a2bc5edcd887030699c9914b6d6cd4348f6b
  src/sunsynk_api_client/models/plantinvertersresponse.py:
    id: be55593ab752
    last_write_checksum: sha1:dca2731a6d31ede6620003bf83f2bc9b0853cd95
    pristine_git_object: 8d4d0fa403036204d7be2375a9fa8baf8030db23
  src/sunsynk_api_client/models/plantsresponse.py:
    id: cefa12176979
    last_write_checksum: sha1:73fc3901ca380f6806d9d8d7d035bac73c95c710
    pristine_git_object: a89e27834b42104817740fa87920703d372b6faa
  src/sunsynk_api_client/models/plantsummary.py:
    id: 8c4fa959ca26
    last_write_checksum: sha1:fbf4db74ce01c343d16b94141994a6fa90f9fca3
    pristine_git_object: 437667b56440b3998b49aff23db131ba252cef7b
  src/sunsynk_api_client/models/pviv.py:
    id: 3084b756c80f
    last_write_checksum: sha1:fc6f9a91d164bb38a06d46694aa60318475ffffd
    pristine_git_object: 306dc4d1d53d1a5c4d5cdf0deb42b4f6fb4a226b
  src/sunsynk_api_client/models/readinvertersettingsop.py:
    id: de30e26e0bbb
    last_write_checksum: sha1:d15bf81524456e7c5e9681c7fd8cde219d48ddf3
    pristine_git_object: cc9aaeb6b18e4b56b33249513d66654020540ca7
  src/sunsynk_api_client/models/realtimevip.py:
    id: 5c59bcb46991
    last_write_checksum: sha1:2204b4f8c5237b0b0c131d4640cabe0a44e3dbd3
    pristine_git_object: 2d797c5ac1d0ed6522571d50138db7009ded7862
  src/sunsynk_api_client/models/security.py:
    id: 83915f7aefba
    last_write_checksum: sha1:dac1a77e09b77319d3d4f80e13922e5b8cb0a7e9
    pristine_git_object: 6ab7bf2cd1868207c48a8f2c38ab216db973266b
  src/sunsynk_api_client/models/tokenrequest.py:
    id: cbd1b55b8cfa
    last_write_checksum: sha1:f78758bce0736ac421ecabe4292070abef25f770
    pristine_git_object: 1c26b0786fb3e667d40f48a4fc5eb023b6cfc9f3
  src/sunsynk_api_client/models/tokenresponse.py:
    id: 2a3cb0754557
    last_write_checksum: sha1:d2d8b130753b41cecb72759801a4e1d550e61975
    pristine_git_object: ed283a0e956d1003ffd570352760d84705a86f31
  src/sunsynk_api_client/models/vip.py:
    id: 2f2eb5af586e
    last_write_checksum: sha1:8f008fe6d26d2f45fdc4f3cbf42c88264d4b757f
    pristine_git_object: 49a27c908c513635a25358a80aead28f93a376ea
  src/sunsynk_api_client/models/writeinvertersettingsop.py:
    id: 8deb9213fd78
    last_write_checksum: sha1:cf84bc69c075a0bbf784881a4a55af1b88923976
    pristine_git_object: c846e3d1b866876bb95fa7e7547cf32ec1a0957e
  src/sunsynk_api_client/notifications.py:
    id: b394ee789f85
    last_write_checksum: sha1:00c41c6e0e8d2d6a5e0896ad3a9fe4b5ba59e36a
    pristine_git_object: b9393631f7a7d6b4f8ae69a33c23636c48eba394
  src/sunsynk_api_client/plants.py:
    id: 46a102955992
    last_write_checksum: sha1:5968f425013be42b5a68e4750d5f517d6e3e8ee0
    pristine_git_object: e5b1b3652121eed994a55bb00e043031f7ad2795
  src/sunsynk_api_client/py.typed:
    id: 57af27e7e77c
    last_write_checksum: sha1:8efc425ffe830805ffcc0f3055871bdcdc542c60
    pristine_git_object: 3e38f1a929f7d6b1d6de74604aa87e3d8f010544
  src/sunsynk_api_client/sdk.py:
    id: ad6433d553ae
    last_write_checksum: sha1:b613c8a2cd05e7aecbb1152115ab3ce7c9957c7b
    pristine_git_object: d1520499c866248f3e290f340d71a07d351a17d4
  src/sunsynk_api_client/sdkconfiguration.py:
    id: 7c1e09b01728
    last_write_checksum: sha1:57c05f42cd942494f500bf2e9c60876918353ec8
    pristine_git_object: 363cab62da72d8a402fac06a878f9f12886085c6
  src/sunsynk_api_client/settings.py:
    id: 049d751d159c
    last_write_checksum: sha1:0b76f0b0bf1ed6eff0fb1b8c78a3efd15221a58e
    pristine_git_object: 1817bbdf2e1661f4a8885f5416e5a23878b45b0e
  src/sunsynk_api_client/types/__init__.py:
    id: 9366151b80c1
    last_write_checksum: sha1:140ebdd01a46f92ffc710c52c958c4eba3cf68ed
    pristine_git_object: fc76fe0c5505e29859b5d2bb707d48fd27661b8c
  src/sunsynk_api_client/types/basemodel.py:
    id: aa8ebf6998b0
    last_write_checksum: sha1:10d84aedeb9d35edfdadf2c3020caa1d24d8b584
    pristine_git_object: a9a640a1a7048736383f96c67c6290c86bf536ee
  src/sunsynk_api_client/utils/__init__.py:
    id: 235bf57e99aa
    last_write_checksum: sha1:0f93d821f9cb3e061ea125d881bb6f61166738dd
    pristine_git_object: aded7597c2bbc4e3fa7f555755d894671ac57741
  src/sunsynk_api_client/utils/annotations.py:
    id: 82b3cf13fe21
    last_write_checksum: sha1:a4824ad65f730303e4e1e3ec1febf87b4eb46dbc
    pristine_git_object: 12e0aa4f1151bb52474cc02e88397329b90703f6
  src/sunsynk_api_client/utils/datetimes.py:
    id: 55db73101a30
    last_write_checksum: sha1:c721e4123000e7dc61ec52b28a739439d9e17341
    pristine_git_object: a6c52cd61bbe2d459046c940ce5e8c469f2f0664
  src/sunsynk_api_client/utils/dynamic_imports.py:
    id: d76b3c498065
    last_write_checksum: sha1:a1940c63feb8eddfd8026de53384baf5056d5dcc
    pristine_git_object: 673edf82a97d0fea7295625d3e092ea369a36b79
  src/sunsynk_api_client/utils/enums.py:
    id: 5b6f9c9362db
    last_write_checksum: sha1:bc8c3c1285ae09ba8a094ee5c3d9c7f41fa1284d
    pristine_git_object: 3324e1bc2668c54c4d5f5a1a845675319757a828
  src/sunsynk_api_client/utils/eventstreaming.py:
    id: f1fa3b928db6
    last_write_checksum: sha1:ffa870a25a7e4e2015bfd7a467ccd3aa1de97f0e
    pristine_git_object: f2052fc22d9fd6c663ba3dce019fe234ca37108b
  src/sunsynk_api_client/utils/forms.py:
    id: "74923551e015"
    last_write_checksum: sha1:0ca31459b99f761fcc6d0557a0a38daac4ad50f4
    pristine_git_object: 1e550bd5c2c35d977ddc10f49d77c23cb12c158d
  src/sunsynk_api_client/utils/headers.py:
    id: 13dd48db0162
    last_write_checksum: sha1:7c6df233ee006332b566a8afa9ce9a245941d935
    pristine_git_object: 37864cbbbc40d1a47112bbfdd3ba79568fc8818a
  src/sunsynk_api_client/utils/logger.py:
    id: 18f35da44f22
    last_write_checksum: sha1:6c12ea892e47886b2fefabeeb92f3352ae98bbe5
    pristine_git_object: dfe646216640db1233dae6b08f7fdb712ffb1631
  src/sunsynk_api_client/utils/metadata.py:
    id: e4d388b8ba49
    last_write_checksum: sha1:c6a560bd0c63ab158582f34dadb69433ea73b3d4
    pristine_git_object: 173b3e5ce658675c2f504222a56b3daaaa68107d
  src/sunsynk_api_client/utils/queryparams.py:
    id: bd2c54831ecd
    last_write_checksum: sha1:b94c3f314fd3da0d1d215afc2731f48748e2aa59
    pristine_git_object: c04e0db82b68eca041f2cb2614d748fbac80fd41
  src/sunsynk_api_client/utils/requestbodies.py:
    id: aa26120fa2c3
    last_write_checksum: sha1:41e2d2d2d3ecc394c8122ca4d4b85e1c3e03f054
    pristine_git_object: 1de32b6d26f46590232f398fdba6ce0072f1659c
  src/sunsynk_api_client/utils/retries.py:
    id: f6a317f0cffa
    last_write_checksum: sha1:471372f5c5d1dd5583239c9cf3c75f1b636e5d87
    pristine_git_object: af07d4e941007af4213c5ec9047ef8a2fca04e5e
  src/sunsynk_api_client/utils/security.py:
    id: a43877f34e3a
    last_write_checksum: sha1:38795877ab4db3db245f725f6fd49a7c18dcfc88
    pristine_git_object: 92b7f181ad5c8f3cc320483e3706f7b63c2f7182
  src/sunsynk_api_client/utils/serializers.py:
    id: 35e7edbda0a7
    last_write_checksum: sha1:ce1d8d7f500a9ccba0aeca5057cee9c271f4dfd7
    pristine_git_object: 14321eb479de81d0d9580ec8291e0ff91bf29e57
  src/sunsynk_api_client/utils/unmarshal_json_response.py:
    id: 87db9d1ed9a6
    last_write_checksum: sha1:fac2667b45de0cfd8abacdb0618f03ee43b9033d
    pristine_git_object: 11ba8703d4fc5db33a1119bf49f2ccd8a7d638ed
  src/sunsynk_api_client/utils/url.py:
    id: 6df5dde75d7d
    last_write_checksum: sha1:6479961baa90432ca25626f8e40a7bbc32e73b41
    pristine_git_object: c78ccbae426ce6d385709d97ce0b1c2813ea2418
  src/sunsynk_api_client/utils/values.py:
    id: bd8a58f2dc8a
    last_write_checksum: sha1:acaa178a7c41ddd000f58cc691e4632d925b2553
    pristine_git_object: dae01a44384ac3bc13ae07453a053bf6c898ebe3
examples:
  post_/oauth/token:
    speakeasy-default-post-/oauth/token:
      requestBody:
        application/json: {"username": "Florencio.Stiedemann", "password": "yES5j6h4HZfL6Pn", "grant_type": "password", "client_id": "csp-web"}
      responses:
        "200":
          application/json: {}
        "401":
          application/json: {}
  getBearerToken:
    speakeasy-default-get-bearer-token:
      requestBody:
        application/json: {"areaCode": "sunsynk", "client_id": "csp-web", "grant_type": "password", "password": "sauNiCGaWRkCfz7", "source": "sunsynk", "username": "Assunta57"}
      responses:
        "200":
          application/json: {}
  getPublicKey:
    speakeasy-default-get-public-key:
      parameters:
        query:
          nonce: 736433
          source: "sunsynk"
          sign: "<value>"
      responses:
        "200":
          application/json: {}
  getPlants:
    speakeasy-default-get-plants:
      parameters:
        query:
          page: 1
          limit: 100
      responses:
        "200":
          application/json: {}
  getPlantFlow:
    speakeasy-default-get-plant-flow:
      parameters:
        path:
          plantId: "<id>"
      responses:
        "200":
          application/json: {}
  get_/api/v1/inverters:
    speakeasy-default-get-/api/v1-/inverters:
      parameters:
        query:
          page: 1
          limit: 10
          total: 0
          status: -1
          sn: ""
          plantId: ""
          type: -2
          softVer: ""
          hmiVer: ""
          agentCompanyId: -1
          gsn: ""
      responses:
        "200":
          application/json: {}
  getPlantInverters:
    speakeasy-default-get-plant-inverters:
      parameters:
        path:
          plantId: "<id>"
        query:
          page: 1
          status: "-1"
          type: "-2"
      responses:
        "200":
          application/json: {}
  getInverterInput:
    speakeasy-default-get-inverter-input:
      parameters:
        path:
          sn: "<value>"
      responses:
        "200":
          application/json: {}
  getInverterOutput:
    speakeasy-default-get-inverter-output:
      parameters:
        path:
          sn: "<value>"
      responses:
        "200":
          application/json: {}
  getBatteryRealtime:
    speakeasy-default-get-battery-realtime:
      parameters:
        path:
          sn: "<value>"
      responses:
        "200":
          application/json: {}
  getGridRealtime:
    speakeasy-default-get-grid-realtime:
      parameters:
        path:
          sn: "<value>"
      responses:
        "200":
          application/json: {}
  getLoadRealtime:
    speakeasy-default-get-load-realtime:
      parameters:
        path:
          sn: "<value>"
      responses:
        "200":
          application/json: {}
  getGenRealtime:
    speakeasy-default-get-gen-realtime:
      parameters:
        path:
          sn: "<value>"
      responses:
        "200":
          application/json: {}
  getInverterDailyOutput:
    speakeasy-default-get-inverter-daily-output:
      parameters:
        path:
          sn: "<value>"
        query:
          lan: "en"
      responses:
        "200":
          application/json: {}
  readInverterSettings:
    speakeasy-default-read-inverter-settings:
      parameters:
        path:
          sn: "<value>"
      responses:
        "200":
          application/json: {}
  writeInverterSettings:
    speakeasy-default-write-inverter-settings:
      parameters:
        path:
          sn: "<value>"
      requestBody:
        application/json: {}
      responses:
        "200":
          application/json: {}
  getGateways:
    speakeasy-default-get-gateways:
      parameters:
        query:
          page: 1
          limit: 10
          status: "-1"
          uploadCycle: "-1"
          protocol: "-1"
          agentCompanyId: "-1"
          lan: "en"
      responses:
        "200":
          application/json: {}
  getEvents:
    speakeasy-default-get-events:
      parameters:
        query:
          type: 108693
          page: 1
          limit: 50
          lan: "en"
      responses:
        "200":
          application/json: {}
  getMessages:
    speakeasy-default-get-messages:
      parameters:
        query:
          pageSize: 10
          pageNumber: 1
          status: -1
          lan: "en"
      responses:
        "200":
          application/json: {}
examplesVersion: 1.0.2
