speakeasyVersion: 1.744.0
sources:
    SunSynk Power View API:
        sourceNamespace: sun-synk-power-view-api
        sourceRevisionDigest: sha256:1e3606fbc3cfff7de117bc08ea96aba3d18557d93f86a7da842df49163b19859
        sourceBlobDigest: sha256:aa386f95e7cd1fee711c0be0f620d1f851d986684e8aea311a142ab2d93fe334
        tags:
            - latest
            - 1.1.0
targets:
    sun-synk:
        source: SunSynk Power View API
        sourceNamespace: sun-synk-power-view-api
        sourceRevisionDigest: sha256:1e3606fbc3cfff7de117bc08ea96aba3d18557d93f86a7da842df49163b19859
        sourceBlobDigest: sha256:aa386f95e7cd1fee711c0be0f620d1f851d986684e8aea311a142ab2d93fe334
        codeSamplesNamespace: sun-synk-power-view-api-python-code-samples
        codeSamplesRevisionDigest: sha256:0ef80bbb22cc790ca5ee36958b6f30b9dd98f62307bb1e982e75bf4bb37172b2
workflow:
    workflowVersion: 1.0.0
    speakeasyVersion: latest
    sources:
        SunSynk Power View API:
            inputs:
                - location: ../sunsynk-openapi.json
            output: .speakeasy/out.openapi.yaml
            registry:
                location: registry.speakeasyapi.dev/finchdean/home-assistant/sun-synk-power-view-api
    targets:
        sun-synk:
            target: python
            source: SunSynk Power View API
            codeSamples:
                registry:
                    location: registry.speakeasyapi.dev/finchdean/home-assistant/sun-synk-power-view-api-python-code-samples
                labelOverride:
                    fixedValue: Python (SDK)
                blocking: false
