speakeasyVersion: 1.759.3
sources:
    SunSynk Power View API:
        sourceNamespace: sun-synk-power-view-api
        sourceRevisionDigest: sha256:f905c297ca884133e370aec08c1276b1fed0305436007549204a07bc4931c744
        sourceBlobDigest: sha256:c73e03f2870a1442564410b847b72bf661c824c19915a42f0076e6a78db4b38d
        tags:
            - latest
            - 1.1.0
targets:
    sun-synk:
        source: SunSynk Power View API
        sourceNamespace: sun-synk-power-view-api
        sourceRevisionDigest: sha256:f905c297ca884133e370aec08c1276b1fed0305436007549204a07bc4931c744
        sourceBlobDigest: sha256:c73e03f2870a1442564410b847b72bf661c824c19915a42f0076e6a78db4b38d
        codeSamplesNamespace: sun-synk-power-view-api-python-code-samples
        codeSamplesRevisionDigest: sha256:6fb5aad5c5b39b7b3f371f7ed95347a3be85bf3b61a9d716aae40e843527d2f3
workflow:
    workflowVersion: 1.0.0
    speakeasyVersion: latest
    sources:
        SunSynk Power View API:
            inputs:
                - location: sunsynk-openapi.json
            output: .speakeasy/out.openapi.yaml
            registry:
                location: registry.speakeasyapi.dev/finchdean/home-assistant/sun-synk-power-view-api
    targets:
        sun-synk:
            target: python
            source: SunSynk Power View API
            codeSamples:
                registry:
                    location: registry.speakeasyapi.dev/finchdean/home-assistant/sun-synk-power-view-api-python-code-samples
                labelOverride:
                    fixedValue: Python (SDK)
                blocking: false
